{
  "name": "leaderboard",
  "lockfileVersion": 2,
  "requires": true,
  "packages": {
    "": {
      "dependencies": {
        "@sqlite.org/sqlite-wasm": "^3.44.1-build2"
      }
    },
    "node_modules/@sqlite.org/sqlite-wasm": {
      "version": "3.44.1-build2",
      "resolved": "https://registry.npmjs.org/@sqlite.org/sqlite-wasm/-/sqlite-wasm-3.44.1-build2.tgz",
      "integrity": "sha512-TrZrsuwX0YLfwULlSrlvcqE2sjHghKLYW4cnuh/Hg3hbt4fivnNfD9j5ks7Yn/u8yKndF9oRpDDBPM2wCPiZVg==",
      "bin": {
        "sqlite-wasm": "bin/index.js"
      }
    }
  },
  "dependencies": {
    "@sqlite.org/sqlite-wasm": {
      "version": "3.44.1-build2",
      "resolved": "https://registry.npmjs.org/@sqlite.org/sqlite-wasm/-/sqlite-wasm-3.44.1-build2.tgz",
      "integrity": "sha512-TrZrsuwX0YLfwULlSrlvcqE2sjHghKLYW4cnuh/Hg3hbt4fivnNfD9j5ks7Yn/u8yKndF9oRpDDBPM2wCPiZVg=="
    }
  }
}
